// !$*UTF8*$!
{
	archiveVersion = 1;
	classes = {
	};
	objectVersion = 48;
	objects = {

/* Begin PBXBuildFile section */
		5F8262271FE019A1001E4423 /* AppDelegate.swift in Sources */ = {isa = PBXBuildFile; fileRef = 5F8262261FE019A1001E4423 /* AppDelegate.swift */; };
		5F8262291FE019A1001E4423 /* ViewController.swift in Sources */ = {isa = PBXBuildFile; fileRef = 5F8262281FE019A1001E4423 /* ViewController.swift */; };
		5F82622C1FE019A1001E4423 /* Main.storyboard in Resources */ = {isa = PBXBuildFile; fileRef = 5F82622A1FE019A1001E4423 /* Main.storyboard */; };
		5F82622E1FE019A1001E4423 /* Assets.xcassets in Resources */ = {isa = PBXBuildFile; fileRef = 5F82622D1FE019A1001E4423 /* Assets.xcassets */; };
		5F8262311FE019A1001E4423 /* LaunchScreen.storyboard in Resources */ = {isa = PBXBuildFile; fileRef = 5F82622F1FE019A1001E4423 /* LaunchScreen.storyboard */; };
		5F82623C1FE019A1001E4423 /* RealmUnsetPropertiesExampleTests.swift in Sources */ = {isa = PBXBuildFile; fileRef = 5F82623B1FE019A1001E4423 /* RealmUnsetPropertiesExampleTests.swift */; };
/* End PBXBuildFile section */

/* Begin PBXContainerItemProxy section */
		5F8262381FE019A1001E4423 /* PBXContainerItemProxy */ = {
			isa = PBXContainerItemProxy;
			containerPortal = 5F82621B1FE019A1001E4423 /* Project object */;
			proxyType = 1;
			remoteGlobalIDString = 5F8262221FE019A1001E4423;
			remoteInfo = RealmUnsetPropertiesExample;
		};
/* End PBXContainerItemProxy section */

/* Begin PBXFileReference section */
		5F8262231FE019A1001E4423 /* RealmUnsetPropertiesExample.app */ = {isa = PBXFileReference; explicitFileType = wrapper.application; includeInIndex = 0; path = RealmUnsetPropertiesExample.app; sourceTree = BUILT_PRODUCTS_DIR; };
		5F8262261FE019A1001E4423 /* AppDelegate.swift */ = {isa = PBXFileReference; lastKnownFileType = sourcecode.swift; path = AppDelegate.swift; sourceTree = "<group>"; };
		5F8262281FE019A1001E4423 /* ViewController.swift */ = {isa = PBXFileReference; lastKnownFileType = sourcecode.swift; path = ViewController.swift; sourceTree = "<group>"; };
		5F82622B1FE019A1001E4423 /* Base */ = {isa = PBXFileReference; lastKnownFileType = file.storyboard; name = Base; path = Base.lproj/Main.storyboard; sourceTree = "<group>"; };
		5F82622D1FE019A1001E4423 /* Assets.xcassets */ = {isa = PBXFileReference; lastKnownFileType = folder.assetcatalog; path = Assets.xcassets; sourceTree = "<group>"; };
		5F8262301FE019A1001E4423 /* Base */ = {isa = PBXFileReference; lastKnownFileType = file.storyboard; name = Base; path = Base.lproj/LaunchScreen.storyboard; sourceTree = "<group>"; };
		5F8262321FE019A1001E4423 /* Info.plist */ = {isa = PBXFileReference; lastKnownFileType = text.plist.xml; path = Info.plist; sourceTree = "<group>"; };
		5F8262371FE019A1001E4423 /* RealmUnsetPropertiesExampleTests.xctest */ = {isa = PBXFileReference; explicitFileType = wrapper.cfbundle; includeInIndex = 0; path = RealmUnsetPropertiesExampleTests.xctest; sourceTree = BUILT_PRODUCTS_DIR; };
		5F82623B1FE019A1001E4423 /* RealmUnsetPropertiesExampleTests.swift */ = {isa = PBXFileReference; lastKnownFileType = sourcecode.swift; path = RealmUnsetPropertiesExampleTests.swift; sourceTree = "<group>"; };
		5F82623D1FE019A1001E4423 /* Info.plist */ = {isa = PBXFileReference; lastKnownFileType = text.plist.xml; path = Info.plist; sourceTree = "<group>"; };
/* End PBXFileReference section */

/* Begin PBXFrameworksBuildPhase section */
		5F8262201FE019A1001E4423 /* Frameworks */ = {
			isa = PBXFrameworksBuildPhase;
			buildActionMask = 2147483647;
			files = (
			);
			runOnlyForDeploymentPostprocessing = 0;
		};
		5F8262341FE019A1001E4423 /* Frameworks */ = {
			isa = PBXFrameworksBuildPhase;
			buildActionMask = 2147483647;
			files = (
			);
			runOnlyForDeploymentPostprocessing = 0;
		};
/* End PBXFrameworksBuildPhase section */

/* Begin PBXGroup section */
		5F82621A1FE019A1001E4423 = {
			isa = PBXGroup;
			children = (
				5F8262251FE019A1001E4423 /* RealmUnsetPropertiesExample */,
				5F82623A1FE019A1001E4423 /* RealmUnsetPropertiesExampleTests */,
				5F8262241FE019A1001E4423 /* Products */,
			);
			sourceTree = "<group>";
		};
		5F8262241FE019A1001E4423 /* Products */ = {
			isa = PBXGroup;
			children = (
				5F8262231FE019A1001E4423 /* RealmUnsetPropertiesExample.app */,
				5F8262371FE019A1001E4423 /* RealmUnsetPropertiesExampleTests.xctest */,
			);
			name = Products;
			sourceTree = "<group>";
		};
		5F8262251FE019A1001E4423 /* RealmUnsetPropertiesExample */ = {
			isa = PBXGroup;
			children = (
				5F8262261FE019A1001E4423 /* AppDelegate.swift */,
				5F8262281FE019A1001E4423 /* ViewController.swift */,
				5F82622A1FE019A1001E4423 /* Main.storyboard */,
				5F82622D1FE019A1001E4423 /* Assets.xcassets */,
				5F82622F1FE019A1001E4423 /* LaunchScreen.storyboard */,
				5F8262321FE019A1001E4423 /* Info.plist */,
			);
			path = RealmUnsetPropertiesExample;
			sourceTree = "<group>";
		};
		5F82623A1FE019A1001E4423 /* RealmUnsetPropertiesExampleTests */ = {
			isa = PBXGroup;
			children = (
				5F82623B1FE019A1001E4423 /* RealmUnsetPropertiesExampleTests.swift */,
				5F82623D1FE019A1001E4423 /* Info.plist */,
			);
			path = RealmUnsetPropertiesExampleTests;
			sourceTree = "<group>";
		};
/* End PBXGroup section */

/* Begin PBXNativeTarget section */
		5F8262221FE019A1001E4423 /* RealmUnsetPropertiesExample */ = {
			isa = PBXNativeTarget;
			buildConfigurationList = 5F8262401FE019A1001E4423 /* Build configuration list for PBXNativeTarget "RealmUnsetPropertiesExample" */;
			buildPhases = (
				5F82621F1FE019A1001E4423 /* Sources */,
				5F8262201FE019A1001E4423 /* Frameworks */,
				5F8262211FE019A1001E4423 /* Resources */,
			);
			buildRules = (
			);
			dependencies = (
			);
			name = RealmUnsetPropertiesExample;
			productName = RealmUnsetPropertiesExample;
			productReference = 5F8262231FE019A1001E4423 /* RealmUnsetPropertiesExample.app */;
			productType = "com.apple.product-type.application";
		};
		5F8262361FE019A1001E4423 /* RealmUnsetPropertiesExampleTests */ = {
			isa = PBXNativeTarget;
			buildConfigurationList = 5F8262431FE019A1001E4423 /* Build configuration list for PBXNativeTarget "RealmUnsetPropertiesExampleTests" */;
			buildPhases = (
				5F8262331FE019A1001E4423 /* Sources */,
				5F8262341FE019A1001E4423 /* Frameworks */,
				5F8262351FE019A1001E4423 /* Resources */,
			);
			buildRules = (
			);
			dependencies = (
				5F8262391FE019A1001E4423 /* PBXTargetDependency */,
			);
			name = RealmUnsetPropertiesExampleTests;
			productName = RealmUnsetPropertiesExampleTests;
			productReference = 5F8262371FE019A1001E4423 /* RealmUnsetPropertiesExampleTests.xctest */;
			productType = "com.apple.product-type.bundle.unit-test";
		};
/* End PBXNativeTarget section */

/* Begin PBXProject section */
		5F82621B1FE019A1001E4423 /* Project object */ = {
			isa = PBXProject;
			attributes = {
				LastSwiftUpdateCheck = 0920;
				LastUpgradeCheck = 0920;
				ORGANIZATIONNAME = "Mindaugas Jucius";
				TargetAttributes = {
					5F8262221FE019A1001E4423 = {
						CreatedOnToolsVersion = 9.2;
						ProvisioningStyle = Automatic;
					};
					5F8262361FE019A1001E4423 = {
						CreatedOnToolsVersion = 9.2;
						ProvisioningStyle = Automatic;
						TestTargetID = 5F8262221FE019A1001E4423;
					};
				};
			};
			buildConfigurationList = 5F82621E1FE019A1001E4423 /* Build configuration list for PBXProject "RealmUnsetPropertiesExample" */;
			compatibilityVersion = "Xcode 8.0";
			developmentRegion = en;
			hasScannedForEncodings = 0;
			knownRegions = (
				en,
				Base,
			);
			mainGroup = 5F82621A1FE019A1001E4423;
			productRefGroup = 5F8262241FE019A1001E4423 /* Products */;
			projectDirPath = "";
			projectRoot = "";
			targets = (
				5F8262221FE019A1001E4423 /* RealmUnsetPropertiesExample */,
				5F8262361FE019A1001E4423 /* RealmUnsetPropertiesExampleTests */,
			);
		};
/* End PBXProject section */

/* Begin PBXResourcesBuildPhase section */
		5F8262211FE019A1001E4423 /* Resources */ = {
			isa = PBXResourcesBuildPhase;
			buildActionMask = 2147483647;
			files = (
				5F8262311FE019A1001E4423 /* LaunchScreen.storyboard in Resources */,
				5F82622E1FE019A1001E4423 /* Assets.xcassets in Resources */,
				5F82622C1FE019A1001E4423 /* Main.storyboard in Resources */,
			);
			runOnlyForDeploymentPostprocessing = 0;
		};
		5F8262351FE019A1001E4423 /* Resources */ = {
			isa = PBXResourcesBuildPhase;
			buildActionMask = 2147483647;
			files = (
			);
			runOnlyForDeploymentPostprocessing = 0;
		};
/* End PBXResourcesBuildPhase section */

/* Begin PBXSourcesBuildPhase section */
		5F82621F1FE019A1001E4423 /* Sources */ = {
			isa = PBXSourcesBuildPhase;
			buildActionMask = 2147483647;
			files = (
				5F8262291FE019A1001E4423 /* ViewController.swift in Sources */,
				5F8262271FE019A1001E4423 /* AppDelegate.swift in Sources */,
			);
			runOnlyForDeploymentPostprocessing = 0;
		};
		5F8262331FE019A1001E4423 /* Sources */ = {
			isa = PBXSourcesBuildPhase;
			buildActionMask = 2147483647;
			files = (
				5F82623C1FE019A1001E4423 /* RealmUnsetPropertiesExampleTests.swift in Sources */,
			);
			runOnlyForDeploymentPostprocessing = 0;
		};
/* End PBXSourcesBuildPhase section */

/* Begin PBXTargetDependency section */
		5F8262391FE019A1001E4423 /* PBXTargetDependency */ = {
			isa = PBXTargetDependency;
			target = 5F8262221FE019A1001E4423 /* RealmUnsetPropertiesExample */;
			targetProxy = 5F8262381FE019A1001E4423 /* PBXContainerItemProxy */;
		};
/* End PBXTargetDependency section */

/* Begin PBXVariantGroup section */
		5F82622A1FE019A1001E4423 /* Main.storyboard */ = {
			isa = PBXVariantGroup;
			children = (
				5F82622B1FE019A1001E4423 /* Base */,
			);
			name = Main.storyboard;
			sourceTree = "<group>";
		};
		5F82622F1FE019A1001E4423 /* LaunchScreen.storyboard */ = {
			isa = PBXVariantGroup;
			children = (
				5F8262301FE019A1001E4423 /* Base */,
			);
			name = LaunchScreen.storyboard;
			sourceTree = "<group>";
		};
/* End PBXVariantGroup section */

/* Begin XCBuildConfiguration section */
		5F82623E1FE019A1001E4423 /* Debug */ = {
			isa = XCBuildConfiguration;
			buildSettings = {
				ALWAYS_SEARCH_USER_PATHS = NO;
				CLANG_ANALYZER_NONNULL = YES;
				CLANG_ANALYZER_NUMBER_OBJECT_CONVERSION = YES_AGGRESSIVE;
				CLANG_CXX_LANGUAGE_STANDARD = "gnu++14";
				CLANG_CXX_LIBRARY = "libc++";
				CLANG_ENABLE_MODULES = YES;
				CLANG_ENABLE_OBJC_ARC = YES;
				CLANG_WARN_BLOCK_CAPTURE_AUTORELEASING = YES;
				CLANG_WARN_BOOL_CONVERSION = YES;
				CLANG_WARN_COMMA = YES;
				CLANG_WARN_CONSTANT_CONVERSION = YES;
				CLANG_WARN_DIRECT_OBJC_ISA_USAGE = YES_ERROR;
				CLANG_WARN_DOCUMENTATION_COMMENTS = YES;
				CLANG_WARN_EMPTY_BODY = YES;
				CLANG_WARN_ENUM_CONVERSION = YES;
				CLANG_WARN_INFINITE_RECURSION = YES;
				CLANG_WARN_INT_CONVERSION = YES;
				CLANG_WARN_NON_LITERAL_NULL_CONVERSION = YES;
				CLANG_WARN_OBJC_LITERAL_CONVERSION = YES;
				CLANG_WARN_OBJC_ROOT_CLASS = YES_ERROR;
				CLANG_WARN_RANGE_LOOP_ANALYSIS = YES;
				CLANG_WARN_STRICT_PROTOTYPES = YES;
				CLANG_WARN_SUSPICIOUS_MOVE = YES;
				CLANG_WARN_UNGUARDED_AVAILABILITY = YES_AGGRESSIVE;
				CLANG_WARN_UNREACHABLE_CODE = YES;
				CLANG_WARN__DUPLICATE_METHOD_MATCH = YES;
				CODE_SIGN_IDENTITY = "iPhone Developer";
				COPY_PHASE_STRIP = NO;
				DEBUG_INFORMATION_FORMAT = dwarf;
				ENABLE_STRICT_OBJC_MSGSEND = YES;
				ENABLE_TESTABILITY = YES;
				GCC_C_LANGUAGE_STANDARD = gnu11;
				GCC_DYNAMIC_NO_PIC = NO;
				GCC_NO_COMMON_BLOCKS = YES;
				GCC_OPTIMIZATION_LEVEL = 0;
				GCC_PREPROCESSOR_DEFINITIONS = (
					"DEBUG=1",
					"$(inherited)",
				);
				GCC_WARN_64_TO_32_BIT_CONVERSION = YES;
				GCC_WARN_ABOUT_RETURN_TYPE = YES_ERROR;
				GCC_WARN_UNDECLARED_SELECTOR = YES;
				GCC_WARN_UNINITIALIZED_AUTOS = YES_AGGRESSIVE;
				GCC_WARN_UNUSED_FUNCTION = YES;
				GCC_WARN_UNUSED_VARIABLE = YES;
				IPHONEOS_DEPLOYMENT_TARGET = 11.2;
				MTL_ENABLE_DEBUG_INFO = YES;
				ONLY_ACTIVE_ARCH = YES;
				SDKROOT = iphoneos;
				SWIFT_ACTIVE_COMPILATION_CONDITIONS = DEBUG;
				SWIFT_OPTIMIZATION_LEVEL = "-Onone";
			};
			name = Debug;
		};
		5F82623F1FE019A1001E4423 /* Release */ = {
			isa = XCBuildConfiguration;
			buildSettings = {
				ALWAYS_SEARCH_USER_PATHS = NO;
				CLANG_ANALYZER_NONNULL = YES;
				CLANG_ANALYZER_NUMBER_OBJECT_CONVERSION = YES_AGGRESSIVE;
				CLANG_CXX_LANGUAGE_STANDARD = "gnu++14";
				CLANG_CXX_LIBRARY = "libc++";
				CLANG_ENABLE_MODULES = YES;
				CLANG_ENABLE_OBJC_ARC = YES;
				CLANG_WARN_BLOCK_CAPTURE_AUTORELEASING = YES;
				CLANG_WARN_BOOL_CONVERSION = YES;
				CLANG_WARN_COMMA = YES;
				CLANG_WARN_CONSTANT_CONVERSION = YES;
				CLANG_WARN_DIRECT_OBJC_ISA_USAGE = YES_ERROR;
				CLANG_WARN_DOCUMENTATION_COMMENTS = YES;
				CLANG_WARN_EMPTY_BODY = YES;
				CLANG_WARN_ENUM_CONVERSION = YES;
				CLANG_WARN_INFINITE_RECURSION = YES;
				CLANG_WARN_INT_CONVERSION = YES;
				CLANG_WARN_NON_LITERAL_NULL_CONVERSION = YES;
				CLANG_WARN_OBJC_LITERAL_CONVERSION = YES;
				CLANG_WARN_OBJC_ROOT_CLASS = YES_ERROR;
				CLANG_WARN_RANGE_LOOP_ANALYSIS = YES;
				CLANG_WARN_STRICT_PROTOTYPES = YES;
				CLANG_WARN_SUSPICIOUS_MOVE = YES;
				CLANG_WARN_UNGUARDED_AVAILABILITY = YES_AGGRESSIVE;
				CLANG_WARN_UNREACHABLE_CODE = YES;
				CLANG_WARN__DUPLICATE_METHOD_MATCH = YES;
				CODE_SIGN_IDENTITY = "iPhone Developer";
				COPY_PHASE_STRIP = NO;
				DEBUG_INFORMATION_FORMAT = "dwarf-with-dsym";
				ENABLE_NS_ASSERTIONS = NO;
				ENABLE_STRICT_OBJC_MSGSEND = YES;
				GCC_C_LANGUAGE_STANDARD = gnu11;
				GCC_NO_COMMON_BLOCKS = YES;
				GCC_WARN_64_TO_32_BIT_CONVERSION = YES;
				GCC_WARN_ABOUT_RETURN_TYPE = YES_ERROR;
				GCC_WARN_UNDECLARED_SELECTOR = YES;
				GCC_WARN_UNINITIALIZED_AUTOS = YES_AGGRESSIVE;
				GCC_WARN_UNUSED_FUNCTION = YES;
				GCC_WARN_UNUSED_VARIABLE = YES;
				IPHONEOS_DEPLOYMENT_TARGET = 11.2;
				MTL_ENABLE_DEBUG_INFO = NO;
				SDKROOT = iphoneos;
				SWIFT_OPTIMIZATION_LEVEL = "-Owholemodule";
				VALIDATE_PRODUCT = YES;
			};
			name = Release;
		};
		5F8262411FE019A1001E4423 /* Debug */ = {
			isa = XCBuildConfiguration;
			buildSettings = {
				ASSETCATALOG_COMPILER_APPICON_NAME = AppIcon;
				CODE_SIGN_STYLE = Automatic;
				DEVELOPMENT_TEAM = 7XWNFZ55T2;
				INFOPLIST_FILE = RealmUnsetPropertiesExample/Info.plist;
				LD_RUNPATH_SEARCH_PATHS = "$(inherited) @executable_path/Frameworks";
				PRODUCT_BUNDLE_IDENTIFIER = mindaugas.RealmUnsetPropertiesExample;
				PRODUCT_NAME = "$(TARGET_NAME)";
				SWIFT_VERSION = 4.0;
				TARGETED_DEVICE_FAMILY = "1,2";
			};
			name = Debug;
		};
		5F8262421FE019A1001E4423 /* Release */ = {
			isa = XCBuildConfiguration;
			buildSettings = {
				ASSETCATALOG_COMPILER_APPICON_NAME = AppIcon;
				CODE_SIGN_STYLE = Automatic;
				DEVELOPMENT_TEAM = 7XWNFZ55T2;
				INFOPLIST_FILE = RealmUnsetPropertiesExample/Info.plist;
				LD_RUNPATH_SEARCH_PATHS = "$(inherited) @executable_path/Frameworks";
				PRODUCT_BUNDLE_IDENTIFIER = mindaugas.RealmUnsetPropertiesExample;
				PRODUCT_NAME = "$(TARGET_NAME)";
				SWIFT_VERSION = 4.0;
				TARGETED_DEVICE_FAMILY = "1,2";
			};
			name = Release;
		};
		5F8262441FE019A1001E4423 /* Debug */ = {
			isa = XCBuildConfiguration;
			buildSettings = {
				ALWAYS_EMBED_SWIFT_STANDARD_LIBRARIES = YES;
				BUNDLE_LOADER = "$(TEST_HOST)";
				CODE_SIGN_STYLE = Automatic;
				DEVELOPMENT_TEAM = 7XWNFZ55T2;
				INFOPLIST_FILE = RealmUnsetPropertiesExampleTests/Info.plist;
				LD_RUNPATH_SEARCH_PATHS = "$(inherited) @executable_path/Frameworks @loader_path/Frameworks";
				PRODUCT_BUNDLE_IDENTIFIER = mindaugas.RealmUnsetPropertiesExampleTests;
				PRODUCT_NAME = "$(TARGET_NAME)";
				SWIFT_VERSION = 4.0;
				TARGETED_DEVICE_FAMILY = "1,2";
				TEST_HOST = "$(BUILT_PRODUCTS_DIR)/RealmUnsetPropertiesExample.app/RealmUnsetPropertiesExample";
			};
			name = Debug;
		};
		5F8262451FE019A1001E4423 /* Release */ = {
			isa = XCBuildConfiguration;
			buildSettings = {
				ALWAYS_EMBED_SWIFT_STANDARD_LIBRARIES = YES;
				BUNDLE_LOADER = "$(TEST_HOST)";
				CODE_SIGN_STYLE = Automatic;
				DEVELOPMENT_TEAM = 7XWNFZ55T2;
				INFOPLIST_FILE = RealmUnsetPropertiesExampleTests/Info.plist;
				LD_RUNPATH_SEARCH_PATHS = "$(inherited) @executable_path/Frameworks @loader_path/Frameworks";
				PRODUCT_BUNDLE_IDENTIFIER = mindaugas.RealmUnsetPropertiesExampleTests;
				PRODUCT_NAME = "$(TARGET_NAME)";
				SWIFT_VERSION = 4.0;
				TARGETED_DEVICE_FAMILY = "1,2";
				TEST_HOST = "$(BUILT_PRODUCTS_DIR)/RealmUnsetPropertiesExample.app/RealmUnsetPropertiesExample";
			};
			name = Release;
		};
/* End XCBuildConfiguration section */

/* Begin XCConfigurationList section */
		5F82621E1FE019A1001E4423 /* Build configuration list for PBXProject "RealmUnsetPropertiesExample" */ = {
			isa = XCConfigurationList;
			buildConfigurations = (
				5F82623E1FE019A1001E4423 /* Debug */,
				5F82623F1FE019A1001E4423 /* Release */,
			);
			defaultConfigurationIsVisible = 0;
			defaultConfigurationName = Release;
		};
		5F8262401FE019A1001E4423 /* Build configuration list for PBXNativeTarget "RealmUnsetPropertiesExample" */ = {
			isa = XCConfigurationList;
			buildConfigurations = (
				5F8262411FE019A1001E4423 /* Debug */,
				5F8262421FE019A1001E4423 /* Release */,
			);
			defaultConfigurationIsVisible = 0;
			defaultConfigurationName = Release;
		};
		5F8262431FE019A1001E4423 /* Build configuration list for PBXNativeTarget "RealmUnsetPropertiesExampleTests" */ = {
			isa = XCConfigurationList;
			buildConfigurations = (
				5F8262441FE019A1001E4423 /* Debug */,
				5F8262451FE019A1001E4423 /* Release */,
			);
			defaultConfigurationIsVisible = 0;
			defaultConfigurationName = Release;
		};
/* End XCConfigurationList section */
	};
	rootObject = 5F82621B1FE019A1001E4423 /* Project object */;
}
